
Microsoft Visual Studio Solution File, Format Version 12.00
# Visual Studio Version 16
VisualStudioVersion = 16.0.30114.105
MinimumVisualStudioVersion = 10.0.40219.1
Project("{F2A71F9B-5D33-465A-A702-920D77279786}") = "Pinfold", "Pinfold\Pinfold.fsproj", "{958B9488-B020-478B-A0AD-D4429B8C90CE}"
EndProject
Project("{F2A71F9B-5D33-465A-A702-920D77279786}") = "Model", "Model\Model.fsproj", "{B28108D2-F03E-4402-887A-3FB4B4591A9E}"
EndProject
Project("{F2A71F9B-5D33-465A-A702-920D77279786}") = "DataAccess", "DataAccess\DataAccess.fsproj", "{FA06EF41-602F-4B23-ADD6-FF6EEB57540D}"
EndProject
Global
	GlobalSection(SolutionConfigurationPlatforms) = preSolution
		Debug|Any CPU = Debug|Any CPU
		Release|Any CPU = Release|Any CPU
	EndGlobalSection
	GlobalSection(SolutionProperties) = preSolution
		HideSolutionNode = FALSE
	EndGlobalSection
	GlobalSection(ProjectConfigurationPlatforms) = postSolution
		{958B9488-B020-478B-A0AD-D4429B8C90CE}.Debug|Any CPU.ActiveCfg = Debug|Any CPU
		{958B9488-B020-478B-A0AD-D4429B8C90CE}.Debug|Any CPU.Build.0 = Debug|Any CPU
		{958B9488-B020-478B-A0AD-D4429B8C90CE}.Release|Any CPU.ActiveCfg = Release|Any CPU
		{958B9488-B020-478B-A0AD-D4429B8C90CE}.Release|Any CPU.Build.0 = Release|Any CPU
		{B28108D2-F03E-4402-887A-3FB4B4591A9E}.Debug|Any CPU.ActiveCfg = Debug|Any CPU
		{B28108D2-F03E-4402-887A-3FB4B4591A9E}.Debug|Any CPU.Build.0 = Debug|Any CPU
		{B28108D2-F03E-4402-887A-3FB4B4591A9E}.Release|Any CPU.ActiveCfg = Release|Any CPU
		{B28108D2-F03E-4402-887A-3FB4B4591A9E}.Release|Any CPU.Build.0 = Release|Any CPU
		{FA06EF41-602F-4B23-ADD6-FF6EEB57540D}.Debug|Any CPU.ActiveCfg = Debug|Any CPU
		{FA06EF41-602F-4B23-ADD6-FF6EEB57540D}.Debug|Any CPU.Build.0 = Debug|Any CPU
		{FA06EF41-602F-4B23-ADD6-FF6EEB57540D}.Release|Any CPU.ActiveCfg = Release|Any CPU
		{FA06EF41-602F-4B23-ADD6-FF6EEB57540D}.Release|Any CPU.Build.0 = Release|Any CPU
	EndGlobalSection
EndGlobal
